
Microsoft Visual Studio Solution File, Format Version 12.00
# Visual Studio 15
VisualStudioVersion = 15.0.27428.2037
MinimumVisualStudioVersion = 10.0.40219.1
Project("{9A19103F-16F7-4668-BE54-9A1E7A4F7556}") = "PanoptesNetClient", "PanoptesNetClient\PanoptesNetClient.csproj", "{0EA1018F-F301-46C7-ADF8-80422A0F5F94}"
EndProject
Project("{FAE04EC0-301F-11D3-BF4B-00C04F79EFBC}") = "PanoptesNetClientTests", "PanoptesNetClientTests\PanoptesNetClientTests.csproj", "{99AA72B9-BD72-410B-80D5-6FFBCD8B6780}"
EndProject
Project("{FAE04EC0-301F-11D3-BF4B-00C04F79EFBC}") = "ClientRunner", "ConsoleApp1\ClientRunner.csproj", "{2931E2D9-60DB-43B4-9E2A-D27651706CCD}"
EndProject
Global
	GlobalSection(SolutionConfigurationPlatforms) = preSolution
		Debug|Any CPU = Debug|Any CPU
		Release|Any CPU = Release|Any CPU
	EndGlobalSection
	GlobalSection(ProjectConfigurationPlatforms) = postSolution
		{0EA1018F-F301-46C7-ADF8-80422A0F5F94}.Debug|Any CPU.ActiveCfg = Debug|Any CPU
		{0EA1018F-F301-46C7-ADF8-80422A0F5F94}.Debug|Any CPU.Build.0 = Debug|Any CPU
		{0EA1018F-F301-46C7-ADF8-80422A0F5F94}.Release|Any CPU.ActiveCfg = Release|Any CPU
		{0EA1018F-F301-46C7-ADF8-80422A0F5F94}.Release|Any CPU.Build.0 = Release|Any CPU
		{99AA72B9-BD72-410B-80D5-6FFBCD8B6780}.Debug|Any CPU.ActiveCfg = Debug|Any CPU
		{99AA72B9-BD72-410B-80D5-6FFBCD8B6780}.Debug|Any CPU.Build.0 = Debug|Any CPU
		{99AA72B9-BD72-410B-80D5-6FFBCD8B6780}.Release|Any CPU.ActiveCfg = Release|Any CPU
		{99AA72B9-BD72-410B-80D5-6FFBCD8B6780}.Release|Any CPU.Build.0 = Release|Any CPU
		{2931E2D9-60DB-43B4-9E2A-D27651706CCD}.Debug|Any CPU.ActiveCfg = Debug|Any CPU
		{2931E2D9-60DB-43B4-9E2A-D27651706CCD}.Debug|Any CPU.Build.0 = Debug|Any CPU
		{2931E2D9-60DB-43B4-9E2A-D27651706CCD}.Release|Any CPU.ActiveCfg = Release|Any CPU
		{2931E2D9-60DB-43B4-9E2A-D27651706CCD}.Release|Any CPU.Build.0 = Release|Any CPU
	EndGlobalSection
	GlobalSection(SolutionProperties) = preSolution
		HideSolutionNode = FALSE
	EndGlobalSection
	GlobalSection(ExtensibilityGlobals) = postSolution
		SolutionGuid = {0A007B8C-52B6-4145-A252-7A2F187D105B}
	EndGlobalSection
EndGlobal
